
Microsoft Visual Studio Solution File, Format Version 12.00
# Visual Studio Version 17
VisualStudioVersion = 17.11.35327.3
MinimumVisualStudioVersion = 10.0.40219.1
Project("{FAE04EC0-301F-11D3-BF4B-00C04F79EFBC}") = "HaziFeladat2", "HaziFeladat2\HaziFeladat2.csproj", "{68B957A6-76C3-4E75-ABD3-1EFAB8C1F18F}"
EndProject
Global
	GlobalSection(SolutionConfigurationPlatforms) = preSolution
		Debug|Any CPU = Debug|Any CPU
		Release|Any CPU = Release|Any CPU
	EndGlobalSection
	GlobalSection(ProjectConfigurationPlatforms) = postSolution
		{68B957A6-76C3-4E75-ABD3-1EFAB8C1F18F}.Debug|Any CPU.ActiveCfg = Debug|Any CPU
		{68B957A6-76C3-4E75-ABD3-1EFAB8C1F18F}.Debug|Any CPU.Build.0 = Debug|Any CPU
		{68B957A6-76C3-4E75-ABD3-1EFAB8C1F18F}.Release|Any CPU.ActiveCfg = Release|Any CPU
		{68B957A6-76C3-4E75-ABD3-1EFAB8C1F18F}.Release|Any CPU.Build.0 = Release|Any CPU
	EndGlobalSection
	GlobalSection(SolutionProperties) = preSolution
		HideSolutionNode = FALSE
	EndGlobalSection
	GlobalSection(ExtensibilityGlobals) = postSolution
		SolutionGuid = {79CE9BB4-0B81-4495-BBD7-6926E65165D1}
	EndGlobalSection
EndGlobal
